
Microsoft Visual Studio Solution File, Format Version 12.00
# Visual Studio Version 16
VisualStudioVersion = 16.0.29230.47
MinimumVisualStudioVersion = 10.0.40219.1
Project("{FAE04EC0-301F-11D3-BF4B-00C04F79EFBC}") = "VendorDomain.Classes", "VendorDomain.Classes\VendorDomain.Classes.csproj", "{A1B738CF-9168-423A-841E-D2E0E9211F76}"
EndProject
Project("{FAE04EC0-301F-11D3-BF4B-00C04F79EFBC}") = "VendorDomain.DataModel", "VendorDomain.DataModel\VendorDomain.DataModel.csproj", "{23FDAB96-9A4F-4CAE-9EB0-3D714E608398}"
EndProject
Project("{FAE04EC0-301F-11D3-BF4B-00C04F79EFBC}") = "VendorAppWPF", "VendorApp\VendorAppWPF.csproj", "{B6729134-C71F-43C7-8B06-82B79733D68C}"
EndProject
Global
	GlobalSection(SolutionConfigurationPlatforms) = preSolution
		Debug|Any CPU = Debug|Any CPU
		Release|Any CPU = Release|Any CPU
	EndGlobalSection
	GlobalSection(ProjectConfigurationPlatforms) = postSolution
		{A1B738CF-9168-423A-841E-D2E0E9211F76}.Debug|Any CPU.ActiveCfg = Debug|Any CPU
		{A1B738CF-9168-423A-841E-D2E0E9211F76}.Debug|Any CPU.Build.0 = Debug|Any CPU
		{A1B738CF-9168-423A-841E-D2E0E9211F76}.Release|Any CPU.ActiveCfg = Release|Any CPU
		{A1B738CF-9168-423A-841E-D2E0E9211F76}.Release|Any CPU.Build.0 = Release|Any CPU
		{23FDAB96-9A4F-4CAE-9EB0-3D714E608398}.Debug|Any CPU.ActiveCfg = Debug|Any CPU
		{23FDAB96-9A4F-4CAE-9EB0-3D714E608398}.Debug|Any CPU.Build.0 = Debug|Any CPU
		{23FDAB96-9A4F-4CAE-9EB0-3D714E608398}.Release|Any CPU.ActiveCfg = Release|Any CPU
		{23FDAB96-9A4F-4CAE-9EB0-3D714E608398}.Release|Any CPU.Build.0 = Release|Any CPU
		{B6729134-C71F-43C7-8B06-82B79733D68C}.Debug|Any CPU.ActiveCfg = Debug|Any CPU
		{B6729134-C71F-43C7-8B06-82B79733D68C}.Debug|Any CPU.Build.0 = Debug|Any CPU
		{B6729134-C71F-43C7-8B06-82B79733D68C}.Release|Any CPU.ActiveCfg = Release|Any CPU
		{B6729134-C71F-43C7-8B06-82B79733D68C}.Release|Any CPU.Build.0 = Release|Any CPU
	EndGlobalSection
	GlobalSection(SolutionProperties) = preSolution
		HideSolutionNode = FALSE
	EndGlobalSection
	GlobalSection(ExtensibilityGlobals) = postSolution
		SolutionGuid = {F52645DD-20B4-4BD5-B1EF-412E7E712B00}
	EndGlobalSection
EndGlobal
